
Microsoft Visual Studio Solution File, Format Version 12.00
# Visual Studio Version 17
VisualStudioVersion = 17.2.32630.192
MinimumVisualStudioVersion = 10.0.40219.1
Project("{FAE04EC0-301F-11D3-BF4B-00C04F79EFBC}") = "OtusHomeWork30", "OtusHomeWork30\OtusHomeWork30.csproj", "{89AE2935-6BB0-44B8-A6AE-65AA7B2C3BF6}"
EndProject
Global
	GlobalSection(SolutionConfigurationPlatforms) = preSolution
		Debug|Any CPU = Debug|Any CPU
		Release|Any CPU = Release|Any CPU
	EndGlobalSection
	GlobalSection(ProjectConfigurationPlatforms) = postSolution
		{89AE2935-6BB0-44B8-A6AE-65AA7B2C3BF6}.Debug|Any CPU.ActiveCfg = Debug|Any CPU
		{89AE2935-6BB0-44B8-A6AE-65AA7B2C3BF6}.Debug|Any CPU.Build.0 = Debug|Any CPU
		{89AE2935-6BB0-44B8-A6AE-65AA7B2C3BF6}.Release|Any CPU.ActiveCfg = Release|Any CPU
		{89AE2935-6BB0-44B8-A6AE-65AA7B2C3BF6}.Release|Any CPU.Build.0 = Release|Any CPU
	EndGlobalSection
	GlobalSection(SolutionProperties) = preSolution
		HideSolutionNode = FALSE
	EndGlobalSection
	GlobalSection(ExtensibilityGlobals) = postSolution
		SolutionGuid = {2EF9372B-5972-4C36-BD6C-F0CF48CF1483}
	EndGlobalSection
EndGlobal
