
Microsoft Visual Studio Solution File, Format Version 12.00
# Visual Studio Version 17
VisualStudioVersion = 17.2.32630.192
MinimumVisualStudioVersion = 10.0.40219.1
Project("{FAE04EC0-301F-11D3-BF4B-00C04F79EFBC}") = "OtusHomeWork30.xUnitTests", "OtusHomeWork30.xUnitTests\OtusHomeWork30.xUnitTests.csproj", "{77FA473C-FC48-40E6-9357-553F2AD086DE}"
EndProject
Project("{FAE04EC0-301F-11D3-BF4B-00C04F79EFBC}") = "OtusHomeWork30.Lib", "OtusHomeWork30.Lib\OtusHomeWork30.Lib.csproj", "{0A647037-8E45-4236-BDF9-F1E252B5807F}"
EndProject
Global
	GlobalSection(SolutionConfigurationPlatforms) = preSolution
		Debug|Any CPU = Debug|Any CPU
		Release|Any CPU = Release|Any CPU
	EndGlobalSection
	GlobalSection(ProjectConfigurationPlatforms) = postSolution
		{77FA473C-FC48-40E6-9357-553F2AD086DE}.Debug|Any CPU.ActiveCfg = Debug|Any CPU
		{77FA473C-FC48-40E6-9357-553F2AD086DE}.Debug|Any CPU.Build.0 = Debug|Any CPU
		{77FA473C-FC48-40E6-9357-553F2AD086DE}.Release|Any CPU.ActiveCfg = Release|Any CPU
		{77FA473C-FC48-40E6-9357-553F2AD086DE}.Release|Any CPU.Build.0 = Release|Any CPU
		{0A647037-8E45-4236-BDF9-F1E252B5807F}.Debug|Any CPU.ActiveCfg = Debug|Any CPU
		{0A647037-8E45-4236-BDF9-F1E252B5807F}.Debug|Any CPU.Build.0 = Debug|Any CPU
		{0A647037-8E45-4236-BDF9-F1E252B5807F}.Release|Any CPU.ActiveCfg = Release|Any CPU
		{0A647037-8E45-4236-BDF9-F1E252B5807F}.Release|Any CPU.Build.0 = Release|Any CPU
	EndGlobalSection
	GlobalSection(SolutionProperties) = preSolution
		HideSolutionNode = FALSE
	EndGlobalSection
	GlobalSection(ExtensibilityGlobals) = postSolution
		SolutionGuid = {2EF9372B-5972-4C36-BD6C-F0CF48CF1483}
	EndGlobalSection
EndGlobal
